// !$*UTF8*$!
{
	archiveVersion = 1;
	classes = {
	};
	objectVersion = 45;
	objects = {

/* Begin PBXBuildFile section */
		031F412810380C4200C9FA2F /* Reachability.m in Sources */ = {isa = PBXBuildFile; fileRef = 031F412610380C4200C9FA2F /* Reachability.m */; };
		031F414810380D8800C9FA2F /* SystemConfiguration.framework in Frameworks */ = {isa = PBXBuildFile; fileRef = 031F414710380D8800C9FA2F /* SystemConfiguration.framework */; };
		034C5CE110375884000E2D94 /* SettingsViewController.m in Sources */ = {isa = PBXBuildFile; fileRef = 034C5CDB10375884000E2D94 /* SettingsViewController.m */; };
		034C5CE210375884000E2D94 /* TwitterPostViewController.m in Sources */ = {isa = PBXBuildFile; fileRef = 034C5CDD10375884000E2D94 /* TwitterPostViewController.m */; };
		034C5CE310375884000E2D94 /* Twitter_TuneAppDelegate.m in Sources */ = {isa = PBXBuildFile; fileRef = 034C5CE010375884000E2D94 /* Twitter_TuneAppDelegate.m */; };
		034C5D061037588C000E2D94 /* MGTwitterEngine.m in Sources */ = {isa = PBXBuildFile; fileRef = 034C5CE61037588C000E2D94 /* MGTwitterEngine.m */; };
		034C5D071037588C000E2D94 /* MGTwitterHTTPURLConnection.m in Sources */ = {isa = PBXBuildFile; fileRef = 034C5CEB1037588C000E2D94 /* MGTwitterHTTPURLConnection.m */; };
		034C5D081037588C000E2D94 /* MGTwitterLibXMLParser.m in Sources */ = {isa = PBXBuildFile; fileRef = 034C5CED1037588C000E2D94 /* MGTwitterLibXMLParser.m */; };
		034C5D091037588C000E2D94 /* MGTwitterMessagesLibXMLParser.m in Sources */ = {isa = PBXBuildFile; fileRef = 034C5CEF1037588C000E2D94 /* MGTwitterMessagesLibXMLParser.m */; };
		034C5D0A1037588C000E2D94 /* MGTwitterMessagesParser.m in Sources */ = {isa = PBXBuildFile; fileRef = 034C5CF11037588C000E2D94 /* MGTwitterMessagesParser.m */; };
		034C5D0B1037588C000E2D94 /* MGTwitterMiscLibXMLParser.m in Sources */ = {isa = PBXBuildFile; fileRef = 034C5CF31037588C000E2D94 /* MGTwitterMiscLibXMLParser.m */; };
		034C5D0C1037588C000E2D94 /* MGTwitterMiscParser.m in Sources */ = {isa = PBXBuildFile; fileRef = 034C5CF51037588C000E2D94 /* MGTwitterMiscParser.m */; };
		034C5D0D1037588C000E2D94 /* MGTwitterStatusesLibXMLParser.m in Sources */ = {isa = PBXBuildFile; fileRef = 034C5CF91037588C000E2D94 /* MGTwitterStatusesLibXMLParser.m */; };
		034C5D0E1037588C000E2D94 /* MGTwitterStatusesParser.m in Sources */ = {isa = PBXBuildFile; fileRef = 034C5CFB1037588C000E2D94 /* MGTwitterStatusesParser.m */; };
		034C5D0F1037588C000E2D94 /* MGTwitterUsersLibXMLParser.m in Sources */ = {isa = PBXBuildFile; fileRef = 034C5CFD1037588C000E2D94 /* MGTwitterUsersLibXMLParser.m */; };
		034C5D101037588C000E2D94 /* MGTwitterUsersParser.m in Sources */ = {isa = PBXBuildFile; fileRef = 034C5CFF1037588C000E2D94 /* MGTwitterUsersParser.m */; };
		034C5D111037588C000E2D94 /* MGTwitterXMLParser.m in Sources */ = {isa = PBXBuildFile; fileRef = 034C5D011037588C000E2D94 /* MGTwitterXMLParser.m */; };
		034C5D121037588C000E2D94 /* NSData+Base64.m in Sources */ = {isa = PBXBuildFile; fileRef = 034C5D031037588C000E2D94 /* NSData+Base64.m */; };
		034C5D131037588C000E2D94 /* NSString+UUID.m in Sources */ = {isa = PBXBuildFile; fileRef = 034C5D051037588C000E2D94 /* NSString+UUID.m */; };
		034C5D1710375897000E2D94 /* MainWindow.xib in Resources */ = {isa = PBXBuildFile; fileRef = 034C5D1410375897000E2D94 /* MainWindow.xib */; };
		034C5D1810375897000E2D94 /* SettingsViewController.xib in Resources */ = {isa = PBXBuildFile; fileRef = 034C5D1510375897000E2D94 /* SettingsViewController.xib */; };
		034C5D1910375897000E2D94 /* TwitterPostViewController.xib in Resources */ = {isa = PBXBuildFile; fileRef = 034C5D1610375897000E2D94 /* TwitterPostViewController.xib */; };
		034C5D26103758AD000E2D94 /* Default.png in Resources */ = {isa = PBXBuildFile; fileRef = 034C5D1A103758AD000E2D94 /* Default.png */; };
		034C5D27103758AD000E2D94 /* backdrop.png in Resources */ = {isa = PBXBuildFile; fileRef = 034C5D1B103758AD000E2D94 /* backdrop.png */; };
		034C5D28103758AD000E2D94 /* noart.png in Resources */ = {isa = PBXBuildFile; fileRef = 034C5D1C103758AD000E2D94 /* noart.png */; };
		034C5D29103758AD000E2D94 /* twitter.png in Resources */ = {isa = PBXBuildFile; fileRef = 034C5D1D103758AD000E2D94 /* twitter.png */; };
		034C5D2A103758AD000E2D94 /* app_icon_128.png in Resources */ = {isa = PBXBuildFile; fileRef = 034C5D1E103758AD000E2D94 /* app_icon_128.png */; };
		034C5D2B103758AD000E2D94 /* about.png in Resources */ = {isa = PBXBuildFile; fileRef = 034C5D1F103758AD000E2D94 /* about.png */; };
		034C5D2C103758AD000E2D94 /* error.png in Resources */ = {isa = PBXBuildFile; fileRef = 034C5D20103758AD000E2D94 /* error.png */; };
		034C5D2D103758AD000E2D94 /* ok.png in Resources */ = {isa = PBXBuildFile; fileRef = 034C5D21103758AD000E2D94 /* ok.png */; };
		034C5D2E103758AD000E2D94 /* icon.png in Resources */ = {isa = PBXBuildFile; fileRef = 034C5D22103758AD000E2D94 /* icon.png */; };
		034C5D2F103758AD000E2D94 /* AboutViewController.xib in Resources */ = {isa = PBXBuildFile; fileRef = 034C5D23103758AD000E2D94 /* AboutViewController.xib */; };
		034C5D30103758AD000E2D94 /* twitter2.png in Resources */ = {isa = PBXBuildFile; fileRef = 034C5D24103758AD000E2D94 /* twitter2.png */; };
		034C5D31103758AD000E2D94 /* settings.png in Resources */ = {isa = PBXBuildFile; fileRef = 034C5D25103758AD000E2D94 /* settings.png */; };
		034C5D34103758B2000E2D94 /* AboutViewController.m in Sources */ = {isa = PBXBuildFile; fileRef = 034C5D32103758B2000E2D94 /* AboutViewController.m */; };
		034C5D401037590D000E2D94 /* MediaPlayer.framework in Frameworks */ = {isa = PBXBuildFile; fileRef = 034C5D3F1037590D000E2D94 /* MediaPlayer.framework */; };
		034C5D4410375928000E2D94 /* libxml2.dylib in Frameworks */ = {isa = PBXBuildFile; fileRef = 034C5D4310375928000E2D94 /* libxml2.dylib */; };
		034C5D5F1037598F000E2D94 /* main.m in Sources */ = {isa = PBXBuildFile; fileRef = 034C5D5E1037598F000E2D94 /* main.m */; };
		1D60589F0D05DD5A006BFB54 /* Foundation.framework in Frameworks */ = {isa = PBXBuildFile; fileRef = 1D30AB110D05D00D00671497 /* Foundation.framework */; };
		1DF5F4E00D08C38300B7A737 /* UIKit.framework in Frameworks */ = {isa = PBXBuildFile; fileRef = 1DF5F4DF0D08C38300B7A737 /* UIKit.framework */; };
		288765FD0DF74451002DB57D /* CoreGraphics.framework in Frameworks */ = {isa = PBXBuildFile; fileRef = 288765FC0DF74451002DB57D /* CoreGraphics.framework */; };
/* End PBXBuildFile section */

/* Begin PBXFileReference section */
		031F412610380C4200C9FA2F /* Reachability.m */ = {isa = PBXFileReference; fileEncoding = 4; lastKnownFileType = sourcecode.c.objc; path = Reachability.m; sourceTree = "<group>"; };
		031F412710380C4200C9FA2F /* Reachability.h */ = {isa = PBXFileReference; fileEncoding = 4; lastKnownFileType = sourcecode.c.h; path = Reachability.h; sourceTree = "<group>"; };
		031F414710380D8800C9FA2F /* SystemConfiguration.framework */ = {isa = PBXFileReference; lastKnownFileType = wrapper.framework; name = SystemConfiguration.framework; path = System/Library/Frameworks/SystemConfiguration.framework; sourceTree = SDKROOT; };
		034C5CDB10375884000E2D94 /* SettingsViewController.m */ = {isa = PBXFileReference; fileEncoding = 4; lastKnownFileType = sourcecode.c.objc; path = SettingsViewController.m; sourceTree = "<group>"; };
		034C5CDC10375884000E2D94 /* SettingsViewController.h */ = {isa = PBXFileReference; fileEncoding = 4; lastKnownFileType = sourcecode.c.h; path = SettingsViewController.h; sourceTree = "<group>"; };
		034C5CDD10375884000E2D94 /* TwitterPostViewController.m */ = {isa = PBXFileReference; fileEncoding = 4; lastKnownFileType = sourcecode.c.objc; path = TwitterPostViewController.m; sourceTree = "<group>"; };
		034C5CDE10375884000E2D94 /* Twitter_TuneAppDelegate.h */ = {isa = PBXFileReference; fileEncoding = 4; lastKnownFileType = sourcecode.c.h; path = Twitter_TuneAppDelegate.h; sourceTree = "<group>"; };
		034C5CDF10375884000E2D94 /* TwitterPostViewController.h */ = {isa = PBXFileReference; fileEncoding = 4; lastKnownFileType = sourcecode.c.h; path = TwitterPostViewController.h; sourceTree = "<group>"; };
		034C5CE010375884000E2D94 /* Twitter_TuneAppDelegate.m */ = {isa = PBXFileReference; fileEncoding = 4; lastKnownFileType = sourcecode.c.objc; path = Twitter_TuneAppDelegate.m; sourceTree = "<group>"; };
		034C5CE51037588C000E2D94 /* MGTwitterEngine.h */ = {isa = PBXFileReference; fileEncoding = 4; lastKnownFileType = sourcecode.c.h; path = MGTwitterEngine.h; sourceTree = "<group>"; };
		034C5CE61037588C000E2D94 /* MGTwitterEngine.m */ = {isa = PBXFileReference; fileEncoding = 4; lastKnownFileType = sourcecode.c.objc; path = MGTwitterEngine.m; sourceTree = "<group>"; };
		034C5CE71037588C000E2D94 /* MGTwitterEngine_Prefix.pch */ = {isa = PBXFileReference; fileEncoding = 4; lastKnownFileType = sourcecode.c.h; path = MGTwitterEngine_Prefix.pch; sourceTree = "<group>"; };
		034C5CE81037588C000E2D94 /* MGTwitterEngineDelegate.h */ = {isa = PBXFileReference; fileEncoding = 4; lastKnownFileType = sourcecode.c.h; path = MGTwitterEngineDelegate.h; sourceTree = "<group>"; };
		034C5CE91037588C000E2D94 /* MGTwitterEngineGlobalHeader.h */ = {isa = PBXFileReference; fileEncoding = 4; lastKnownFileType = sourcecode.c.h; path = MGTwitterEngineGlobalHeader.h; sourceTree = "<group>"; };
		034C5CEA1037588C000E2D94 /* MGTwitterHTTPURLConnection.h */ = {isa = PBXFileReference; fileEncoding = 4; lastKnownFileType = sourcecode.c.h; path = MGTwitterHTTPURLConnection.h; sourceTree = "<group>"; };
		034C5CEB1037588C000E2D94 /* MGTwitterHTTPURLConnection.m */ = {isa = PBXFileReference; fileEncoding = 4; lastKnownFileType = sourcecode.c.objc; path = MGTwitterHTTPURLConnection.m; sourceTree = "<group>"; };
		034C5CEC1037588C000E2D94 /* MGTwitterLibXMLParser.h */ = {isa = PBXFileReference; fileEncoding = 4; lastKnownFileType = sourcecode.c.h; path = MGTwitterLibXMLParser.h; sourceTree = "<group>"; };
		034C5CED1037588C000E2D94 /* MGTwitterLibXMLParser.m */ = {isa = PBXFileReference; fileEncoding = 4; lastKnownFileType = sourcecode.c.objc; path = MGTwitterLibXMLParser.m; sourceTree = "<group>"; };
		034C5CEE1037588C000E2D94 /* MGTwitterMessagesLibXMLParser.h */ = {isa = PBXFileReference; fileEncoding = 4; lastKnownFileType = sourcecode.c.h; path = MGTwitterMessagesLibXMLParser.h; sourceTree = "<group>"; };
		034C5CEF1037588C000E2D94 /* MGTwitterMessagesLibXMLParser.m */ = {isa = PBXFileReference; fileEncoding = 4; lastKnownFileType = sourcecode.c.objc; path = MGTwitterMessagesLibXMLParser.m; sourceTree = "<group>"; };
		034C5CF01037588C000E2D94 /* MGTwitterMessagesParser.h */ = {isa = PBXFileReference; fileEncoding = 4; lastKnownFileType = sourcecode.c.h; path = MGTwitterMessagesParser.h; sourceTree = "<group>"; };
		034C5CF11037588C000E2D94 /* MGTwitterMessagesParser.m */ = {isa = PBXFileReference; fileEncoding = 4; lastKnownFileType = sourcecode.c.objc; path = MGTwitterMessagesParser.m; sourceTree = "<group>"; };
		034C5CF21037588C000E2D94 /* MGTwitterMiscLibXMLParser.h */ = {isa = PBXFileReference; fileEncoding = 4; lastKnownFileType = sourcecode.c.h; path = MGTwitterMiscLibXMLParser.h; sourceTree = "<group>"; };
		034C5CF31037588C000E2D94 /* MGTwitterMiscLibXMLParser.m */ = {isa = PBXFileReference; fileEncoding = 4; lastKnownFileType = sourcecode.c.objc; path = MGTwitterMiscLibXMLParser.m; sourceTree = "<group>"; };
		034C5CF41037588C000E2D94 /* MGTwitterMiscParser.h */ = {isa = PBXFileReference; fileEncoding = 4; lastKnownFileType = sourcecode.c.h; path = MGTwitterMiscParser.h; sourceTree = "<group>"; };
		034C5CF51037588C000E2D94 /* MGTwitterMiscParser.m */ = {isa = PBXFileReference; fileEncoding = 4; lastKnownFileType = sourcecode.c.objc; path = MGTwitterMiscParser.m; sourceTree = "<group>"; };
		034C5CF61037588C000E2D94 /* MGTwitterParserDelegate.h */ = {isa = PBXFileReference; fileEncoding = 4; lastKnownFileType = sourcecode.c.h; path = MGTwitterParserDelegate.h; sourceTree = "<group>"; };
		034C5CF71037588C000E2D94 /* MGTwitterRequestTypes.h */ = {isa = PBXFileReference; fileEncoding = 4; lastKnownFileType = sourcecode.c.h; path = MGTwitterRequestTypes.h; sourceTree = "<group>"; };
		034C5CF81037588C000E2D94 /* MGTwitterStatusesLibXMLParser.h */ = {isa = PBXFileReference; fileEncoding = 4; lastKnownFileType = sourcecode.c.h; path = MGTwitterStatusesLibXMLParser.h; sourceTree = "<group>"; };
		034C5CF91037588C000E2D94 /* MGTwitterStatusesLibXMLParser.m */ = {isa = PBXFileReference; fileEncoding = 4; lastKnownFileType = sourcecode.c.objc; path = MGTwitterStatusesLibXMLParser.m; sourceTree = "<group>"; };
		034C5CFA1037588C000E2D94 /* MGTwitterStatusesParser.h */ = {isa = PBXFileReference; fileEncoding = 4; lastKnownFileType = sourcecode.c.h; path = MGTwitterStatusesParser.h; sourceTree = "<group>"; };
		034C5CFB1037588C000E2D94 /* MGTwitterStatusesParser.m */ = {isa = PBXFileReference; fileEncoding = 4; lastKnownFileType = sourcecode.c.objc; path = MGTwitterStatusesParser.m; sourceTree = "<group>"; };
		034C5CFC1037588C000E2D94 /* MGTwitterUsersLibXMLParser.h */ = {isa = PBXFileReference; fileEncoding = 4; lastKnownFileType = sourcecode.c.h; path = MGTwitterUsersLibXMLParser.h; sourceTree = "<group>"; };
		034C5CFD1037588C000E2D94 /* MGTwitterUsersLibXMLParser.m */ = {isa = PBXFileReference; fileEncoding = 4; lastKnownFileType = sourcecode.c.objc; path = MGTwitterUsersLibXMLParser.m; sourceTree = "<group>"; };
		034C5CFE1037588C000E2D94 /* MGTwitterUsersParser.h */ = {isa = PBXFileReference; fileEncoding = 4; lastKnownFileType = sourcecode.c.h; path = MGTwitterUsersParser.h; sourceTree = "<group>"; };
		034C5CFF1037588C000E2D94 /* MGTwitterUsersParser.m */ = {isa = PBXFileReference; fileEncoding = 4; lastKnownFileType = sourcecode.c.objc; path = MGTwitterUsersParser.m; sourceTree = "<group>"; };
		034C5D001037588C000E2D94 /* MGTwitterXMLParser.h */ = {isa = PBXFileReference; fileEncoding = 4; lastKnownFileType = sourcecode.c.h; path = MGTwitterXMLParser.h; sourceTree = "<group>"; };
		034C5D011037588C000E2D94 /* MGTwitterXMLParser.m */ = {isa = PBXFileReference; fileEncoding = 4; lastKnownFileType = sourcecode.c.objc; path = MGTwitterXMLParser.m; sourceTree = "<group>"; };
		034C5D021037588C000E2D94 /* NSData+Base64.h */ = {isa = PBXFileReference; fileEncoding = 4; lastKnownFileType = sourcecode.c.h; path = "NSData+Base64.h"; sourceTree = "<group>"; };
		034C5D031037588C000E2D94 /* NSData+Base64.m */ = {isa = PBXFileReference; fileEncoding = 4; lastKnownFileType = sourcecode.c.objc; path = "NSData+Base64.m"; sourceTree = "<group>"; };
		034C5D041037588C000E2D94 /* NSString+UUID.h */ = {isa = PBXFileReference; fileEncoding = 4; lastKnownFileType = sourcecode.c.h; path = "NSString+UUID.h"; sourceTree = "<group>"; };
		034C5D051037588C000E2D94 /* NSString+UUID.m */ = {isa = PBXFileReference; fileEncoding = 4; lastKnownFileType = sourcecode.c.objc; path = "NSString+UUID.m"; sourceTree = "<group>"; };
		034C5D1410375897000E2D94 /* MainWindow.xib */ = {isa = PBXFileReference; lastKnownFileType = file.xib; path = MainWindow.xib; sourceTree = "<group>"; };
		034C5D1510375897000E2D94 /* SettingsViewController.xib */ = {isa = PBXFileReference; lastKnownFileType = file.xib; path = SettingsViewController.xib; sourceTree = "<group>"; };
		034C5D1610375897000E2D94 /* TwitterPostViewController.xib */ = {isa = PBXFileReference; lastKnownFileType = file.xib; path = TwitterPostViewController.xib; sourceTree = "<group>"; };
		034C5D1A103758AD000E2D94 /* Default.png */ = {isa = PBXFileReference; lastKnownFileType = image.png; path = Default.png; sourceTree = "<group>"; };
		034C5D1B103758AD000E2D94 /* backdrop.png */ = {isa = PBXFileReference; lastKnownFileType = image.png; path = backdrop.png; sourceTree = "<group>"; };
		034C5D1C103758AD000E2D94 /* noart.png */ = {isa = PBXFileReference; lastKnownFileType = image.png; path = noart.png; sourceTree = "<group>"; };
		034C5D1D103758AD000E2D94 /* twitter.png */ = {isa = PBXFileReference; lastKnownFileType = image.png; path = twitter.png; sourceTree = "<group>"; };
		034C5D1E103758AD000E2D94 /* app_icon_128.png */ = {isa = PBXFileReference; lastKnownFileType = image.png; path = app_icon_128.png; sourceTree = "<group>"; };
		034C5D1F103758AD000E2D94 /* about.png */ = {isa = PBXFileReference; lastKnownFileType = image.png; path = about.png; sourceTree = "<group>"; };
		034C5D20103758AD000E2D94 /* error.png */ = {isa = PBXFileReference; lastKnownFileType = image.png; path = error.png; sourceTree = "<group>"; };
		034C5D21103758AD000E2D94 /* ok.png */ = {isa = PBXFileReference; lastKnownFileType = image.png; path = ok.png; sourceTree = "<group>"; };
		034C5D22103758AD000E2D94 /* icon.png */ = {isa = PBXFileReference; lastKnownFileType = image.png; path = icon.png; sourceTree = "<group>"; };
		034C5D23103758AD000E2D94 /* AboutViewController.xib */ = {isa = PBXFileReference; lastKnownFileType = file.xib; path = AboutViewController.xib; sourceTree = "<group>"; };
		034C5D24103758AD000E2D94 /* twitter2.png */ = {isa = PBXFileReference; lastKnownFileType = image.png; path = twitter2.png; sourceTree = "<group>"; };
		034C5D25103758AD000E2D94 /* settings.png */ = {isa = PBXFileReference; lastKnownFileType = image.png; path = settings.png; sourceTree = "<group>"; };
		034C5D32103758B2000E2D94 /* AboutViewController.m */ = {isa = PBXFileReference; fileEncoding = 4; lastKnownFileType = sourcecode.c.objc; path = AboutViewController.m; sourceTree = "<group>"; };
		034C5D33103758B2000E2D94 /* AboutViewController.h */ = {isa = PBXFileReference; fileEncoding = 4; lastKnownFileType = sourcecode.c.h; path = AboutViewController.h; sourceTree = "<group>"; };
		034C5D36103758EF000E2D94 /* TweetThatTune-Info.plist */ = {isa = PBXFileReference; fileEncoding = 4; lastKnownFileType = text.plist.xml; path = "TweetThatTune-Info.plist"; sourceTree = "<group>"; };
		034C5D3F1037590D000E2D94 /* MediaPlayer.framework */ = {isa = PBXFileReference; lastKnownFileType = wrapper.framework; name = MediaPlayer.framework; path = System/Library/Frameworks/MediaPlayer.framework; sourceTree = SDKROOT; };
		034C5D4310375928000E2D94 /* libxml2.dylib */ = {isa = PBXFileReference; lastKnownFileType = "compiled.mach-o.dylib"; name = libxml2.dylib; path = usr/lib/libxml2.dylib; sourceTree = SDKROOT; };
		034C5D5E1037598F000E2D94 /* main.m */ = {isa = PBXFileReference; fileEncoding = 4; lastKnownFileType = sourcecode.c.objc; path = main.m; sourceTree = "<group>"; };
		1D30AB110D05D00D00671497 /* Foundation.framework */ = {isa = PBXFileReference; lastKnownFileType = wrapper.framework; name = Foundation.framework; path = System/Library/Frameworks/Foundation.framework; sourceTree = SDKROOT; };
		1D6058910D05DD3D006BFB54 /* TweetThatTune.app */ = {isa = PBXFileReference; explicitFileType = wrapper.application; includeInIndex = 0; path = TweetThatTune.app; sourceTree = BUILT_PRODUCTS_DIR; };
		1DF5F4DF0D08C38300B7A737 /* UIKit.framework */ = {isa = PBXFileReference; lastKnownFileType = wrapper.framework; name = UIKit.framework; path = System/Library/Frameworks/UIKit.framework; sourceTree = SDKROOT; };
		288765FC0DF74451002DB57D /* CoreGraphics.framework */ = {isa = PBXFileReference; lastKnownFileType = wrapper.framework; name = CoreGraphics.framework; path = System/Library/Frameworks/CoreGraphics.framework; sourceTree = SDKROOT; };
		32CA4F630368D1EE00C91783 /* TweetThatTune_Prefix.pch */ = {isa = PBXFileReference; fileEncoding = 4; lastKnownFileType = sourcecode.c.h; path = TweetThatTune_Prefix.pch; sourceTree = "<group>"; };
/* End PBXFileReference section */

/* Begin PBXFrameworksBuildPhase section */
		1D60588F0D05DD3D006BFB54 /* Frameworks */ = {
			isa = PBXFrameworksBuildPhase;
			buildActionMask = 2147483647;
			files = (
				1D60589F0D05DD5A006BFB54 /* Foundation.framework in Frameworks */,
				1DF5F4E00D08C38300B7A737 /* UIKit.framework in Frameworks */,
				288765FD0DF74451002DB57D /* CoreGraphics.framework in Frameworks */,
				034C5D401037590D000E2D94 /* MediaPlayer.framework in Frameworks */,
				034C5D4410375928000E2D94 /* libxml2.dylib in Frameworks */,
				031F414810380D8800C9FA2F /* SystemConfiguration.framework in Frameworks */,
			);
			runOnlyForDeploymentPostprocessing = 0;
		};
/* End PBXFrameworksBuildPhase section */

/* Begin PBXGroup section */
		034C5CE41037588C000E2D94 /* MGTwitterEngine */ = {
			isa = PBXGroup;
			children = (
				034C5CE51037588C000E2D94 /* MGTwitterEngine.h */,
				034C5CE61037588C000E2D94 /* MGTwitterEngine.m */,
				034C5CE71037588C000E2D94 /* MGTwitterEngine_Prefix.pch */,
				034C5CE81037588C000E2D94 /* MGTwitterEngineDelegate.h */,
				034C5CE91037588C000E2D94 /* MGTwitterEngineGlobalHeader.h */,
				034C5CEA1037588C000E2D94 /* MGTwitterHTTPURLConnection.h */,
				034C5CEB1037588C000E2D94 /* MGTwitterHTTPURLConnection.m */,
				034C5CEC1037588C000E2D94 /* MGTwitterLibXMLParser.h */,
				034C5CED1037588C000E2D94 /* MGTwitterLibXMLParser.m */,
				034C5CEE1037588C000E2D94 /* MGTwitterMessagesLibXMLParser.h */,
				034C5CEF1037588C000E2D94 /* MGTwitterMessagesLibXMLParser.m */,
				034C5CF01037588C000E2D94 /* MGTwitterMessagesParser.h */,
				034C5CF11037588C000E2D94 /* MGTwitterMessagesParser.m */,
				034C5CF21037588C000E2D94 /* MGTwitterMiscLibXMLParser.h */,
				034C5CF31037588C000E2D94 /* MGTwitterMiscLibXMLParser.m */,
				034C5CF41037588C000E2D94 /* MGTwitterMiscParser.h */,
				034C5CF51037588C000E2D94 /* MGTwitterMiscParser.m */,
				034C5CF61037588C000E2D94 /* MGTwitterParserDelegate.h */,
				034C5CF71037588C000E2D94 /* MGTwitterRequestTypes.h */,
				034C5CF81037588C000E2D94 /* MGTwitterStatusesLibXMLParser.h */,
				034C5CF91037588C000E2D94 /* MGTwitterStatusesLibXMLParser.m */,
				034C5CFA1037588C000E2D94 /* MGTwitterStatusesParser.h */,
				034C5CFB1037588C000E2D94 /* MGTwitterStatusesParser.m */,
				034C5CFC1037588C000E2D94 /* MGTwitterUsersLibXMLParser.h */,
				034C5CFD1037588C000E2D94 /* MGTwitterUsersLibXMLParser.m */,
				034C5CFE1037588C000E2D94 /* MGTwitterUsersParser.h */,
				034C5CFF1037588C000E2D94 /* MGTwitterUsersParser.m */,
				034C5D001037588C000E2D94 /* MGTwitterXMLParser.h */,
				034C5D011037588C000E2D94 /* MGTwitterXMLParser.m */,
				034C5D021037588C000E2D94 /* NSData+Base64.h */,
				034C5D031037588C000E2D94 /* NSData+Base64.m */,
				034C5D041037588C000E2D94 /* NSString+UUID.h */,
				034C5D051037588C000E2D94 /* NSString+UUID.m */,
			);
			path = MGTwitterEngine;
			sourceTree = "<group>";
		};
		080E96DDFE201D6D7F000001 /* Classes */ = {
			isa = PBXGroup;
			children = (
				034C5D32103758B2000E2D94 /* AboutViewController.m */,
				034C5D33103758B2000E2D94 /* AboutViewController.h */,
				034C5CDB10375884000E2D94 /* SettingsViewController.m */,
				034C5CDC10375884000E2D94 /* SettingsViewController.h */,
				034C5CDD10375884000E2D94 /* TwitterPostViewController.m */,
				034C5CDE10375884000E2D94 /* Twitter_TuneAppDelegate.h */,
				034C5CDF10375884000E2D94 /* TwitterPostViewController.h */,
				034C5CE010375884000E2D94 /* Twitter_TuneAppDelegate.m */,
			);
			path = Classes;
			sourceTree = "<group>";
		};
		19C28FACFE9D520D11CA2CBB /* Products */ = {
			isa = PBXGroup;
			children = (
				1D6058910D05DD3D006BFB54 /* TweetThatTune.app */,
			);
			name = Products;
			sourceTree = "<group>";
		};
		29B97314FDCFA39411CA2CEA /* CustomTemplate */ = {
			isa = PBXGroup;
			children = (
				080E96DDFE201D6D7F000001 /* Classes */,
				29B97315FDCFA39411CA2CEA /* Other Sources */,
				29B97317FDCFA39411CA2CEA /* Resources */,
				29B97323FDCFA39411CA2CEA /* Frameworks */,
				19C28FACFE9D520D11CA2CBB /* Products */,
			);
			name = CustomTemplate;
			sourceTree = "<group>";
		};
		29B97315FDCFA39411CA2CEA /* Other Sources */ = {
			isa = PBXGroup;
			children = (
				031F412610380C4200C9FA2F /* Reachability.m */,
				031F412710380C4200C9FA2F /* Reachability.h */,
				034C5D5E1037598F000E2D94 /* main.m */,
				034C5CE41037588C000E2D94 /* MGTwitterEngine */,
				32CA4F630368D1EE00C91783 /* TweetThatTune_Prefix.pch */,
			);
			name = "Other Sources";
			sourceTree = "<group>";
		};
		29B97317FDCFA39411CA2CEA /* Resources */ = {
			isa = PBXGroup;
			children = (
				034C5D36103758EF000E2D94 /* TweetThatTune-Info.plist */,
				034C5D1A103758AD000E2D94 /* Default.png */,
				034C5D1B103758AD000E2D94 /* backdrop.png */,
				034C5D1C103758AD000E2D94 /* noart.png */,
				034C5D1D103758AD000E2D94 /* twitter.png */,
				034C5D1E103758AD000E2D94 /* app_icon_128.png */,
				034C5D1F103758AD000E2D94 /* about.png */,
				034C5D20103758AD000E2D94 /* error.png */,
				034C5D21103758AD000E2D94 /* ok.png */,
				034C5D22103758AD000E2D94 /* icon.png */,
				034C5D23103758AD000E2D94 /* AboutViewController.xib */,
				034C5D24103758AD000E2D94 /* twitter2.png */,
				034C5D25103758AD000E2D94 /* settings.png */,
				034C5D1410375897000E2D94 /* MainWindow.xib */,
				034C5D1510375897000E2D94 /* SettingsViewController.xib */,
				034C5D1610375897000E2D94 /* TwitterPostViewController.xib */,
			);
			name = Resources;
			sourceTree = "<group>";
		};
		29B97323FDCFA39411CA2CEA /* Frameworks */ = {
			isa = PBXGroup;
			children = (
				031F414710380D8800C9FA2F /* SystemConfiguration.framework */,
				034C5D4310375928000E2D94 /* libxml2.dylib */,
				034C5D3F1037590D000E2D94 /* MediaPlayer.framework */,
				1DF5F4DF0D08C38300B7A737 /* UIKit.framework */,
				1D30AB110D05D00D00671497 /* Foundation.framework */,
				288765FC0DF74451002DB57D /* CoreGraphics.framework */,
			);
			name = Frameworks;
			sourceTree = "<group>";
		};
/* End PBXGroup section */

/* Begin PBXNativeTarget section */
		1D6058900D05DD3D006BFB54 /* TweetThatTune */ = {
			isa = PBXNativeTarget;
			buildConfigurationList = 1D6058960D05DD3E006BFB54 /* Build configuration list for PBXNativeTarget "TweetThatTune" */;
			buildPhases = (
				1D60588D0D05DD3D006BFB54 /* Resources */,
				1D60588E0D05DD3D006BFB54 /* Sources */,
				1D60588F0D05DD3D006BFB54 /* Frameworks */,
			);
			buildRules = (
			);
			dependencies = (
			);
			name = TweetThatTune;
			productName = TwitterTune;
			productReference = 1D6058910D05DD3D006BFB54 /* TweetThatTune.app */;
			productType = "com.apple.product-type.application";
		};
/* End PBXNativeTarget section */

/* Begin PBXProject section */
		29B97313FDCFA39411CA2CEA /* Project object */ = {
			isa = PBXProject;
			buildConfigurationList = C01FCF4E08A954540054247B /* Build configuration list for PBXProject "TweetThatTune" */;
			compatibilityVersion = "Xcode 3.1";
			hasScannedForEncodings = 1;
			mainGroup = 29B97314FDCFA39411CA2CEA /* CustomTemplate */;
			projectDirPath = "";
			projectRoot = "";
			targets = (
				1D6058900D05DD3D006BFB54 /* TweetThatTune */,
			);
		};
/* End PBXProject section */

/* Begin PBXResourcesBuildPhase section */
		1D60588D0D05DD3D006BFB54 /* Resources */ = {
			isa = PBXResourcesBuildPhase;
			buildActionMask = 2147483647;
			files = (
				034C5D1710375897000E2D94 /* MainWindow.xib in Resources */,
				034C5D1810375897000E2D94 /* SettingsViewController.xib in Resources */,
				034C5D1910375897000E2D94 /* TwitterPostViewController.xib in Resources */,
				034C5D26103758AD000E2D94 /* Default.png in Resources */,
				034C5D27103758AD000E2D94 /* backdrop.png in Resources */,
				034C5D28103758AD000E2D94 /* noart.png in Resources */,
				034C5D29103758AD000E2D94 /* twitter.png in Resources */,
				034C5D2A103758AD000E2D94 /* app_icon_128.png in Resources */,
				034C5D2B103758AD000E2D94 /* about.png in Resources */,
				034C5D2C103758AD000E2D94 /* error.png in Resources */,
				034C5D2D103758AD000E2D94 /* ok.png in Resources */,
				034C5D2E103758AD000E2D94 /* icon.png in Resources */,
				034C5D2F103758AD000E2D94 /* AboutViewController.xib in Resources */,
				034C5D30103758AD000E2D94 /* twitter2.png in Resources */,
				034C5D31103758AD000E2D94 /* settings.png in Resources */,
			);
			runOnlyForDeploymentPostprocessing = 0;
		};
/* End PBXResourcesBuildPhase section */

/* Begin PBXSourcesBuildPhase section */
		1D60588E0D05DD3D006BFB54 /* Sources */ = {
			isa = PBXSourcesBuildPhase;
			buildActionMask = 2147483647;
			files = (
				034C5CE110375884000E2D94 /* SettingsViewController.m in Sources */,
				034C5CE210375884000E2D94 /* TwitterPostViewController.m in Sources */,
				034C5CE310375884000E2D94 /* Twitter_TuneAppDelegate.m in Sources */,
				034C5D061037588C000E2D94 /* MGTwitterEngine.m in Sources */,
				034C5D071037588C000E2D94 /* MGTwitterHTTPURLConnection.m in Sources */,
				034C5D081037588C000E2D94 /* MGTwitterLibXMLParser.m in Sources */,
				034C5D091037588C000E2D94 /* MGTwitterMessagesLibXMLParser.m in Sources */,
				034C5D0A1037588C000E2D94 /* MGTwitterMessagesParser.m in Sources */,
				034C5D0B1037588C000E2D94 /* MGTwitterMiscLibXMLParser.m in Sources */,
				034C5D0C1037588C000E2D94 /* MGTwitterMiscParser.m in Sources */,
				034C5D0D1037588C000E2D94 /* MGTwitterStatusesLibXMLParser.m in Sources */,
				034C5D0E1037588C000E2D94 /* MGTwitterStatusesParser.m in Sources */,
				034C5D0F1037588C000E2D94 /* MGTwitterUsersLibXMLParser.m in Sources */,
				034C5D101037588C000E2D94 /* MGTwitterUsersParser.m in Sources */,
				034C5D111037588C000E2D94 /* MGTwitterXMLParser.m in Sources */,
				034C5D121037588C000E2D94 /* NSData+Base64.m in Sources */,
				034C5D131037588C000E2D94 /* NSString+UUID.m in Sources */,
				034C5D34103758B2000E2D94 /* AboutViewController.m in Sources */,
				034C5D5F1037598F000E2D94 /* main.m in Sources */,
				031F412810380C4200C9FA2F /* Reachability.m in Sources */,
			);
			runOnlyForDeploymentPostprocessing = 0;
		};
/* End PBXSourcesBuildPhase section */

/* Begin XCBuildConfiguration section */
		03E66BAE10375C5800FF4BD2 /* Distribution */ = {
			isa = XCBuildConfiguration;
			buildSettings = {
				ARCHS = "$(ARCHS_STANDARD_32_BIT)";
				"CODE_SIGN_IDENTITY[sdk=iphoneos*]" = "iPhone Distribution: Jaroslaw Szpilewski";
				GCC_C_LANGUAGE_STANDARD = c99;
				GCC_WARN_ABOUT_RETURN_TYPE = YES;
				GCC_WARN_UNUSED_VARIABLE = YES;
				HEADER_SEARCH_PATHS = /usr/include/libxml2/;
				PREBINDING = NO;
				"PROVISIONING_PROFILE[sdk=iphoneos*]" = "DCB00188-66CE-49C3-8575-F3632DB92DE6";
				SDKROOT = iphoneos3.0;
			};
			name = Distribution;
		};
		03E66BAF10375C5800FF4BD2 /* Distribution */ = {
			isa = XCBuildConfiguration;
			buildSettings = {
				ALWAYS_SEARCH_USER_PATHS = NO;
				"CODE_SIGN_IDENTITY[sdk=iphoneos*]" = "iPhone Distribution";
				COPY_PHASE_STRIP = YES;
				GCC_PRECOMPILE_PREFIX_HEADER = YES;
				GCC_PREFIX_HEADER = TweetThatTune_Prefix.pch;
				INFOPLIST_FILE = "TweetThatTune-Info.plist";
				PRODUCT_NAME = TweetThatTune;
				"PROVISIONING_PROFILE[sdk=iphoneos*]" = "";
				SDKROOT = iphoneos3.0;
			};
			name = Distribution;
		};
		1D6058940D05DD3E006BFB54 /* Debug */ = {
			isa = XCBuildConfiguration;
			buildSettings = {
				ALWAYS_SEARCH_USER_PATHS = NO;
				"CODE_SIGN_IDENTITY[sdk=iphoneos*]" = "iPhone Developer";
				COPY_PHASE_STRIP = NO;
				GCC_DYNAMIC_NO_PIC = NO;
				GCC_OPTIMIZATION_LEVEL = 0;
				GCC_PRECOMPILE_PREFIX_HEADER = YES;
				GCC_PREFIX_HEADER = TweetThatTune_Prefix.pch;
				INFOPLIST_FILE = "TweetThatTune-Info.plist";
				PRODUCT_NAME = TweetThatTune;
				"PROVISIONING_PROFILE[sdk=iphoneos*]" = "";
			};
			name = Debug;
		};
		1D6058950D05DD3E006BFB54 /* Release */ = {
			isa = XCBuildConfiguration;
			buildSettings = {
				ALWAYS_SEARCH_USER_PATHS = NO;
				"CODE_SIGN_IDENTITY[sdk=iphoneos*]" = "iPhone Developer";
				COPY_PHASE_STRIP = YES;
				GCC_PRECOMPILE_PREFIX_HEADER = YES;
				GCC_PREFIX_HEADER = TweetThatTune_Prefix.pch;
				INFOPLIST_FILE = "TweetThatTune-Info.plist";
				PRODUCT_NAME = TweetThatTune;
				"PROVISIONING_PROFILE[sdk=iphoneos*]" = "";
				SDKROOT = iphoneos3.0;
			};
			name = Release;
		};
		C01FCF4F08A954540054247B /* Debug */ = {
			isa = XCBuildConfiguration;
			buildSettings = {
				ARCHS = "$(ARCHS_STANDARD_32_BIT)";
				"CODE_SIGN_IDENTITY[sdk=iphoneos*]" = "iPhone Developer: Jaroslaw Szpilewski (VA9G2X54KZ)";
				GCC_C_LANGUAGE_STANDARD = c99;
				GCC_WARN_ABOUT_RETURN_TYPE = YES;
				GCC_WARN_UNUSED_VARIABLE = YES;
				HEADER_SEARCH_PATHS = /usr/include/libxml2/;
				PREBINDING = NO;
				"PROVISIONING_PROFILE[sdk=iphoneos*]" = "B18425AF-E576-4431-8B7A-5D624F1A6447";
				SDKROOT = iphoneos3.0;
			};
			name = Debug;
		};
		C01FCF5008A954540054247B /* Release */ = {
			isa = XCBuildConfiguration;
			buildSettings = {
				ARCHS = "$(ARCHS_STANDARD_32_BIT)";
				"CODE_SIGN_IDENTITY[sdk=iphoneos*]" = "iPhone Developer: Jaroslaw Szpilewski (VA9G2X54KZ)";
				GCC_C_LANGUAGE_STANDARD = c99;
				GCC_WARN_ABOUT_RETURN_TYPE = YES;
				GCC_WARN_UNUSED_VARIABLE = YES;
				HEADER_SEARCH_PATHS = /usr/include/libxml2/;
				PREBINDING = NO;
				"PROVISIONING_PROFILE[sdk=iphoneos*]" = "B18425AF-E576-4431-8B7A-5D624F1A6447";
				SDKROOT = iphoneos3.0;
			};
			name = Release;
		};
/* End XCBuildConfiguration section */

/* Begin XCConfigurationList section */
		1D6058960D05DD3E006BFB54 /* Build configuration list for PBXNativeTarget "TweetThatTune" */ = {
			isa = XCConfigurationList;
			buildConfigurations = (
				1D6058940D05DD3E006BFB54 /* Debug */,
				1D6058950D05DD3E006BFB54 /* Release */,
				03E66BAF10375C5800FF4BD2 /* Distribution */,
			);
			defaultConfigurationIsVisible = 0;
			defaultConfigurationName = Release;
		};
		C01FCF4E08A954540054247B /* Build configuration list for PBXProject "TweetThatTune" */ = {
			isa = XCConfigurationList;
			buildConfigurations = (
				C01FCF4F08A954540054247B /* Debug */,
				C01FCF5008A954540054247B /* Release */,
				03E66BAE10375C5800FF4BD2 /* Distribution */,
			);
			defaultConfigurationIsVisible = 0;
			defaultConfigurationName = Release;
		};
/* End XCConfigurationList section */
	};
	rootObject = 29B97313FDCFA39411CA2CEA /* Project object */;
}
