// !$*UTF8*$!
{
	archiveVersion = 1;
	classes = {
	};
	objectVersion = 45;
	objects = {

/* Begin PBXBuildFile section */
		0353DEE011DF535B0083E773 /* about.png in Resources */ = {isa = PBXBuildFile; fileRef = 0353DEA311DF535B0083E773 /* about.png */; };
		0353DEE111DF535B0083E773 /* AboutViewController.xib in Resources */ = {isa = PBXBuildFile; fileRef = 0353DEA411DF535B0083E773 /* AboutViewController.xib */; };
		0353DEE211DF535B0083E773 /* app_icon_128.png in Resources */ = {isa = PBXBuildFile; fileRef = 0353DEA511DF535B0083E773 /* app_icon_128.png */; };
		0353DEE311DF535B0083E773 /* backdrop.png in Resources */ = {isa = PBXBuildFile; fileRef = 0353DEA611DF535B0083E773 /* backdrop.png */; };
		0353DEE411DF535B0083E773 /* AboutViewController.m in Sources */ = {isa = PBXBuildFile; fileRef = 0353DEA911DF535B0083E773 /* AboutViewController.m */; };
		0353DEE511DF535B0083E773 /* SettingsViewController.m in Sources */ = {isa = PBXBuildFile; fileRef = 0353DEAB11DF535B0083E773 /* SettingsViewController.m */; };
		0353DEE611DF535B0083E773 /* Twitter_TuneAppDelegate.m in Sources */ = {isa = PBXBuildFile; fileRef = 0353DEAD11DF535B0083E773 /* Twitter_TuneAppDelegate.m */; };
		0353DEE711DF535B0083E773 /* TwitterPostViewController.m in Sources */ = {isa = PBXBuildFile; fileRef = 0353DEAF11DF535B0083E773 /* TwitterPostViewController.m */; };
		0353DEE811DF535B0083E773 /* Default.png in Resources */ = {isa = PBXBuildFile; fileRef = 0353DEB011DF535B0083E773 /* Default.png */; };
		0353DEE911DF535B0083E773 /* error.png in Resources */ = {isa = PBXBuildFile; fileRef = 0353DEB111DF535B0083E773 /* error.png */; };
		0353DEEA11DF535B0083E773 /* icon.png in Resources */ = {isa = PBXBuildFile; fileRef = 0353DEB211DF535B0083E773 /* icon.png */; };
		0353DEEB11DF535B0083E773 /* main.m in Sources */ = {isa = PBXBuildFile; fileRef = 0353DEB311DF535B0083E773 /* main.m */; };
		0353DEEC11DF535B0083E773 /* MainWindow.xib in Resources */ = {isa = PBXBuildFile; fileRef = 0353DEB411DF535B0083E773 /* MainWindow.xib */; };
		0353DEED11DF535B0083E773 /* MGTwitterEngine.m in Sources */ = {isa = PBXBuildFile; fileRef = 0353DEB711DF535B0083E773 /* MGTwitterEngine.m */; };
		0353DEEE11DF535B0083E773 /* MGTwitterHTTPURLConnection.m in Sources */ = {isa = PBXBuildFile; fileRef = 0353DEBC11DF535B0083E773 /* MGTwitterHTTPURLConnection.m */; };
		0353DEEF11DF535B0083E773 /* MGTwitterLibXMLParser.m in Sources */ = {isa = PBXBuildFile; fileRef = 0353DEBE11DF535B0083E773 /* MGTwitterLibXMLParser.m */; };
		0353DEF011DF535B0083E773 /* MGTwitterMessagesLibXMLParser.m in Sources */ = {isa = PBXBuildFile; fileRef = 0353DEC011DF535B0083E773 /* MGTwitterMessagesLibXMLParser.m */; };
		0353DEF111DF535B0083E773 /* MGTwitterMessagesParser.m in Sources */ = {isa = PBXBuildFile; fileRef = 0353DEC211DF535B0083E773 /* MGTwitterMessagesParser.m */; };
		0353DEF211DF535B0083E773 /* MGTwitterMiscLibXMLParser.m in Sources */ = {isa = PBXBuildFile; fileRef = 0353DEC411DF535B0083E773 /* MGTwitterMiscLibXMLParser.m */; };
		0353DEF311DF535B0083E773 /* MGTwitterMiscParser.m in Sources */ = {isa = PBXBuildFile; fileRef = 0353DEC611DF535B0083E773 /* MGTwitterMiscParser.m */; };
		0353DEF411DF535B0083E773 /* MGTwitterStatusesLibXMLParser.m in Sources */ = {isa = PBXBuildFile; fileRef = 0353DECA11DF535B0083E773 /* MGTwitterStatusesLibXMLParser.m */; };
		0353DEF511DF535B0083E773 /* MGTwitterStatusesParser.m in Sources */ = {isa = PBXBuildFile; fileRef = 0353DECC11DF535B0083E773 /* MGTwitterStatusesParser.m */; };
		0353DEF611DF535B0083E773 /* MGTwitterUsersLibXMLParser.m in Sources */ = {isa = PBXBuildFile; fileRef = 0353DECE11DF535B0083E773 /* MGTwitterUsersLibXMLParser.m */; };
		0353DEF711DF535B0083E773 /* MGTwitterUsersParser.m in Sources */ = {isa = PBXBuildFile; fileRef = 0353DED011DF535B0083E773 /* MGTwitterUsersParser.m */; };
		0353DEF811DF535B0083E773 /* MGTwitterXMLParser.m in Sources */ = {isa = PBXBuildFile; fileRef = 0353DED211DF535B0083E773 /* MGTwitterXMLParser.m */; };
		0353DEF911DF535B0083E773 /* NSData+Base64.m in Sources */ = {isa = PBXBuildFile; fileRef = 0353DED411DF535B0083E773 /* NSData+Base64.m */; };
		0353DEFA11DF535B0083E773 /* NSString+UUID.m in Sources */ = {isa = PBXBuildFile; fileRef = 0353DED611DF535B0083E773 /* NSString+UUID.m */; };
		0353DEFB11DF535B0083E773 /* noart.png in Resources */ = {isa = PBXBuildFile; fileRef = 0353DED711DF535B0083E773 /* noart.png */; };
		0353DEFC11DF535B0083E773 /* ok.png in Resources */ = {isa = PBXBuildFile; fileRef = 0353DED811DF535B0083E773 /* ok.png */; };
		0353DEFD11DF535B0083E773 /* Reachability.m in Sources */ = {isa = PBXBuildFile; fileRef = 0353DEDA11DF535B0083E773 /* Reachability.m */; };
		0353DEFE11DF535B0083E773 /* README in Resources */ = {isa = PBXBuildFile; fileRef = 0353DEDB11DF535B0083E773 /* README */; };
		0353DEFF11DF535B0083E773 /* settings.png in Resources */ = {isa = PBXBuildFile; fileRef = 0353DEDC11DF535B0083E773 /* settings.png */; };
		0353DF0011DF535B0083E773 /* SettingsViewController.xib in Resources */ = {isa = PBXBuildFile; fileRef = 0353DEDD11DF535B0083E773 /* SettingsViewController.xib */; };
		0353DF0111DF535B0083E773 /* TweetThatTune-Info.plist in Resources */ = {isa = PBXBuildFile; fileRef = 0353DEDF11DF535B0083E773 /* TweetThatTune-Info.plist */; };
		0353DF0511DF53630083E773 /* twitter.png in Resources */ = {isa = PBXBuildFile; fileRef = 0353DF0211DF53630083E773 /* twitter.png */; };
		0353DF0611DF53630083E773 /* twitter2.png in Resources */ = {isa = PBXBuildFile; fileRef = 0353DF0311DF53630083E773 /* twitter2.png */; };
		0353DF0711DF53630083E773 /* TwitterPostViewController.xib in Resources */ = {isa = PBXBuildFile; fileRef = 0353DF0411DF53630083E773 /* TwitterPostViewController.xib */; };
		0353DF0E11DF53800083E773 /* libxml2.dylib in Frameworks */ = {isa = PBXBuildFile; fileRef = 0353DF0D11DF53800083E773 /* libxml2.dylib */; };
		0353DF1011DF53860083E773 /* iAd.framework in Frameworks */ = {isa = PBXBuildFile; fileRef = 0353DF0F11DF53860083E773 /* iAd.framework */; };
		0353DF2911DF539E0083E773 /* MediaPlayer.framework in Frameworks */ = {isa = PBXBuildFile; fileRef = 0353DF2811DF539E0083E773 /* MediaPlayer.framework */; };
		0353DF2B11DF53A30083E773 /* SystemConfiguration.framework in Frameworks */ = {isa = PBXBuildFile; fileRef = 0353DF2A11DF53A30083E773 /* SystemConfiguration.framework */; };
		1D60589F0D05DD5A006BFB54 /* Foundation.framework in Frameworks */ = {isa = PBXBuildFile; fileRef = 1D30AB110D05D00D00671497 /* Foundation.framework */; };
		1DF5F4E00D08C38300B7A737 /* UIKit.framework in Frameworks */ = {isa = PBXBuildFile; fileRef = 1DF5F4DF0D08C38300B7A737 /* UIKit.framework */; };
		288765FD0DF74451002DB57D /* CoreGraphics.framework in Frameworks */ = {isa = PBXBuildFile; fileRef = 288765FC0DF74451002DB57D /* CoreGraphics.framework */; };
/* End PBXBuildFile section */

/* Begin PBXFileReference section */
		0353DEA311DF535B0083E773 /* about.png */ = {isa = PBXFileReference; lastKnownFileType = image.png; path = about.png; sourceTree = "<group>"; };
		0353DEA411DF535B0083E773 /* AboutViewController.xib */ = {isa = PBXFileReference; lastKnownFileType = file.xib; path = AboutViewController.xib; sourceTree = "<group>"; };
		0353DEA511DF535B0083E773 /* app_icon_128.png */ = {isa = PBXFileReference; lastKnownFileType = image.png; path = app_icon_128.png; sourceTree = "<group>"; };
		0353DEA611DF535B0083E773 /* backdrop.png */ = {isa = PBXFileReference; lastKnownFileType = image.png; path = backdrop.png; sourceTree = "<group>"; };
		0353DEA811DF535B0083E773 /* AboutViewController.h */ = {isa = PBXFileReference; fileEncoding = 4; lastKnownFileType = sourcecode.c.h; path = AboutViewController.h; sourceTree = "<group>"; };
		0353DEA911DF535B0083E773 /* AboutViewController.m */ = {isa = PBXFileReference; fileEncoding = 4; lastKnownFileType = sourcecode.c.objc; path = AboutViewController.m; sourceTree = "<group>"; };
		0353DEAA11DF535B0083E773 /* SettingsViewController.h */ = {isa = PBXFileReference; fileEncoding = 4; lastKnownFileType = sourcecode.c.h; path = SettingsViewController.h; sourceTree = "<group>"; };
		0353DEAB11DF535B0083E773 /* SettingsViewController.m */ = {isa = PBXFileReference; fileEncoding = 4; lastKnownFileType = sourcecode.c.objc; path = SettingsViewController.m; sourceTree = "<group>"; };
		0353DEAC11DF535B0083E773 /* Twitter_TuneAppDelegate.h */ = {isa = PBXFileReference; fileEncoding = 4; lastKnownFileType = sourcecode.c.h; path = Twitter_TuneAppDelegate.h; sourceTree = "<group>"; };
		0353DEAD11DF535B0083E773 /* Twitter_TuneAppDelegate.m */ = {isa = PBXFileReference; fileEncoding = 4; lastKnownFileType = sourcecode.c.objc; path = Twitter_TuneAppDelegate.m; sourceTree = "<group>"; };
		0353DEAE11DF535B0083E773 /* TwitterPostViewController.h */ = {isa = PBXFileReference; fileEncoding = 4; lastKnownFileType = sourcecode.c.h; path = TwitterPostViewController.h; sourceTree = "<group>"; };
		0353DEAF11DF535B0083E773 /* TwitterPostViewController.m */ = {isa = PBXFileReference; fileEncoding = 4; lastKnownFileType = sourcecode.c.objc; path = TwitterPostViewController.m; sourceTree = "<group>"; };
		0353DEB011DF535B0083E773 /* Default.png */ = {isa = PBXFileReference; lastKnownFileType = image.png; path = Default.png; sourceTree = "<group>"; };
		0353DEB111DF535B0083E773 /* error.png */ = {isa = PBXFileReference; lastKnownFileType = image.png; path = error.png; sourceTree = "<group>"; };
		0353DEB211DF535B0083E773 /* icon.png */ = {isa = PBXFileReference; lastKnownFileType = image.png; path = icon.png; sourceTree = "<group>"; };
		0353DEB311DF535B0083E773 /* main.m */ = {isa = PBXFileReference; fileEncoding = 4; lastKnownFileType = sourcecode.c.objc; path = main.m; sourceTree = "<group>"; };
		0353DEB411DF535B0083E773 /* MainWindow.xib */ = {isa = PBXFileReference; lastKnownFileType = file.xib; path = MainWindow.xib; sourceTree = "<group>"; };
		0353DEB611DF535B0083E773 /* MGTwitterEngine.h */ = {isa = PBXFileReference; fileEncoding = 4; lastKnownFileType = sourcecode.c.h; path = MGTwitterEngine.h; sourceTree = "<group>"; };
		0353DEB711DF535B0083E773 /* MGTwitterEngine.m */ = {isa = PBXFileReference; fileEncoding = 4; lastKnownFileType = sourcecode.c.objc; path = MGTwitterEngine.m; sourceTree = "<group>"; };
		0353DEB811DF535B0083E773 /* MGTwitterEngine_Prefix.pch */ = {isa = PBXFileReference; fileEncoding = 4; lastKnownFileType = sourcecode.c.h; path = MGTwitterEngine_Prefix.pch; sourceTree = "<group>"; };
		0353DEB911DF535B0083E773 /* MGTwitterEngineDelegate.h */ = {isa = PBXFileReference; fileEncoding = 4; lastKnownFileType = sourcecode.c.h; path = MGTwitterEngineDelegate.h; sourceTree = "<group>"; };
		0353DEBA11DF535B0083E773 /* MGTwitterEngineGlobalHeader.h */ = {isa = PBXFileReference; fileEncoding = 4; lastKnownFileType = sourcecode.c.h; path = MGTwitterEngineGlobalHeader.h; sourceTree = "<group>"; };
		0353DEBB11DF535B0083E773 /* MGTwitterHTTPURLConnection.h */ = {isa = PBXFileReference; fileEncoding = 4; lastKnownFileType = sourcecode.c.h; path = MGTwitterHTTPURLConnection.h; sourceTree = "<group>"; };
		0353DEBC11DF535B0083E773 /* MGTwitterHTTPURLConnection.m */ = {isa = PBXFileReference; fileEncoding = 4; lastKnownFileType = sourcecode.c.objc; path = MGTwitterHTTPURLConnection.m; sourceTree = "<group>"; };
		0353DEBD11DF535B0083E773 /* MGTwitterLibXMLParser.h */ = {isa = PBXFileReference; fileEncoding = 4; lastKnownFileType = sourcecode.c.h; path = MGTwitterLibXMLParser.h; sourceTree = "<group>"; };
		0353DEBE11DF535B0083E773 /* MGTwitterLibXMLParser.m */ = {isa = PBXFileReference; fileEncoding = 4; lastKnownFileType = sourcecode.c.objc; path = MGTwitterLibXMLParser.m; sourceTree = "<group>"; };
		0353DEBF11DF535B0083E773 /* MGTwitterMessagesLibXMLParser.h */ = {isa = PBXFileReference; fileEncoding = 4; lastKnownFileType = sourcecode.c.h; path = MGTwitterMessagesLibXMLParser.h; sourceTree = "<group>"; };
		0353DEC011DF535B0083E773 /* MGTwitterMessagesLibXMLParser.m */ = {isa = PBXFileReference; fileEncoding = 4; lastKnownFileType = sourcecode.c.objc; path = MGTwitterMessagesLibXMLParser.m; sourceTree = "<group>"; };
		0353DEC111DF535B0083E773 /* MGTwitterMessagesParser.h */ = {isa = PBXFileReference; fileEncoding = 4; lastKnownFileType = sourcecode.c.h; path = MGTwitterMessagesParser.h; sourceTree = "<group>"; };
		0353DEC211DF535B0083E773 /* MGTwitterMessagesParser.m */ = {isa = PBXFileReference; fileEncoding = 4; lastKnownFileType = sourcecode.c.objc; path = MGTwitterMessagesParser.m; sourceTree = "<group>"; };
		0353DEC311DF535B0083E773 /* MGTwitterMiscLibXMLParser.h */ = {isa = PBXFileReference; fileEncoding = 4; lastKnownFileType = sourcecode.c.h; path = MGTwitterMiscLibXMLParser.h; sourceTree = "<group>"; };
		0353DEC411DF535B0083E773 /* MGTwitterMiscLibXMLParser.m */ = {isa = PBXFileReference; fileEncoding = 4; lastKnownFileType = sourcecode.c.objc; path = MGTwitterMiscLibXMLParser.m; sourceTree = "<group>"; };
		0353DEC511DF535B0083E773 /* MGTwitterMiscParser.h */ = {isa = PBXFileReference; fileEncoding = 4; lastKnownFileType = sourcecode.c.h; path = MGTwitterMiscParser.h; sourceTree = "<group>"; };
		0353DEC611DF535B0083E773 /* MGTwitterMiscParser.m */ = {isa = PBXFileReference; fileEncoding = 4; lastKnownFileType = sourcecode.c.objc; path = MGTwitterMiscParser.m; sourceTree = "<group>"; };
		0353DEC711DF535B0083E773 /* MGTwitterParserDelegate.h */ = {isa = PBXFileReference; fileEncoding = 4; lastKnownFileType = sourcecode.c.h; path = MGTwitterParserDelegate.h; sourceTree = "<group>"; };
		0353DEC811DF535B0083E773 /* MGTwitterRequestTypes.h */ = {isa = PBXFileReference; fileEncoding = 4; lastKnownFileType = sourcecode.c.h; path = MGTwitterRequestTypes.h; sourceTree = "<group>"; };
		0353DEC911DF535B0083E773 /* MGTwitterStatusesLibXMLParser.h */ = {isa = PBXFileReference; fileEncoding = 4; lastKnownFileType = sourcecode.c.h; path = MGTwitterStatusesLibXMLParser.h; sourceTree = "<group>"; };
		0353DECA11DF535B0083E773 /* MGTwitterStatusesLibXMLParser.m */ = {isa = PBXFileReference; fileEncoding = 4; lastKnownFileType = sourcecode.c.objc; path = MGTwitterStatusesLibXMLParser.m; sourceTree = "<group>"; };
		0353DECB11DF535B0083E773 /* MGTwitterStatusesParser.h */ = {isa = PBXFileReference; fileEncoding = 4; lastKnownFileType = sourcecode.c.h; path = MGTwitterStatusesParser.h; sourceTree = "<group>"; };
		0353DECC11DF535B0083E773 /* MGTwitterStatusesParser.m */ = {isa = PBXFileReference; fileEncoding = 4; lastKnownFileType = sourcecode.c.objc; path = MGTwitterStatusesParser.m; sourceTree = "<group>"; };
		0353DECD11DF535B0083E773 /* MGTwitterUsersLibXMLParser.h */ = {isa = PBXFileReference; fileEncoding = 4; lastKnownFileType = sourcecode.c.h; path = MGTwitterUsersLibXMLParser.h; sourceTree = "<group>"; };
		0353DECE11DF535B0083E773 /* MGTwitterUsersLibXMLParser.m */ = {isa = PBXFileReference; fileEncoding = 4; lastKnownFileType = sourcecode.c.objc; path = MGTwitterUsersLibXMLParser.m; sourceTree = "<group>"; };
		0353DECF11DF535B0083E773 /* MGTwitterUsersParser.h */ = {isa = PBXFileReference; fileEncoding = 4; lastKnownFileType = sourcecode.c.h; path = MGTwitterUsersParser.h; sourceTree = "<group>"; };
		0353DED011DF535B0083E773 /* MGTwitterUsersParser.m */ = {isa = PBXFileReference; fileEncoding = 4; lastKnownFileType = sourcecode.c.objc; path = MGTwitterUsersParser.m; sourceTree = "<group>"; };
		0353DED111DF535B0083E773 /* MGTwitterXMLParser.h */ = {isa = PBXFileReference; fileEncoding = 4; lastKnownFileType = sourcecode.c.h; path = MGTwitterXMLParser.h; sourceTree = "<group>"; };
		0353DED211DF535B0083E773 /* MGTwitterXMLParser.m */ = {isa = PBXFileReference; fileEncoding = 4; lastKnownFileType = sourcecode.c.objc; path = MGTwitterXMLParser.m; sourceTree = "<group>"; };
		0353DED311DF535B0083E773 /* NSData+Base64.h */ = {isa = PBXFileReference; fileEncoding = 4; lastKnownFileType = sourcecode.c.h; path = "NSData+Base64.h"; sourceTree = "<group>"; };
		0353DED411DF535B0083E773 /* NSData+Base64.m */ = {isa = PBXFileReference; fileEncoding = 4; lastKnownFileType = sourcecode.c.objc; path = "NSData+Base64.m"; sourceTree = "<group>"; };
		0353DED511DF535B0083E773 /* NSString+UUID.h */ = {isa = PBXFileReference; fileEncoding = 4; lastKnownFileType = sourcecode.c.h; path = "NSString+UUID.h"; sourceTree = "<group>"; };
		0353DED611DF535B0083E773 /* NSString+UUID.m */ = {isa = PBXFileReference; fileEncoding = 4; lastKnownFileType = sourcecode.c.objc; path = "NSString+UUID.m"; sourceTree = "<group>"; };
		0353DED711DF535B0083E773 /* noart.png */ = {isa = PBXFileReference; lastKnownFileType = image.png; path = noart.png; sourceTree = "<group>"; };
		0353DED811DF535B0083E773 /* ok.png */ = {isa = PBXFileReference; lastKnownFileType = image.png; path = ok.png; sourceTree = "<group>"; };
		0353DED911DF535B0083E773 /* Reachability.h */ = {isa = PBXFileReference; fileEncoding = 4; lastKnownFileType = sourcecode.c.h; path = Reachability.h; sourceTree = "<group>"; };
		0353DEDA11DF535B0083E773 /* Reachability.m */ = {isa = PBXFileReference; fileEncoding = 4; lastKnownFileType = sourcecode.c.objc; path = Reachability.m; sourceTree = "<group>"; };
		0353DEDB11DF535B0083E773 /* README */ = {isa = PBXFileReference; fileEncoding = 4; lastKnownFileType = text; path = README; sourceTree = "<group>"; };
		0353DEDC11DF535B0083E773 /* settings.png */ = {isa = PBXFileReference; lastKnownFileType = image.png; path = settings.png; sourceTree = "<group>"; };
		0353DEDD11DF535B0083E773 /* SettingsViewController.xib */ = {isa = PBXFileReference; lastKnownFileType = file.xib; path = SettingsViewController.xib; sourceTree = "<group>"; };
		0353DEDE11DF535B0083E773 /* TweetThatTune_Prefix.pch */ = {isa = PBXFileReference; fileEncoding = 4; lastKnownFileType = sourcecode.c.h; path = TweetThatTune_Prefix.pch; sourceTree = "<group>"; };
		0353DEDF11DF535B0083E773 /* TweetThatTune-Info.plist */ = {isa = PBXFileReference; fileEncoding = 4; lastKnownFileType = text.plist.xml; path = "TweetThatTune-Info.plist"; sourceTree = "<group>"; };
		0353DF0211DF53630083E773 /* twitter.png */ = {isa = PBXFileReference; lastKnownFileType = image.png; path = twitter.png; sourceTree = "<group>"; };
		0353DF0311DF53630083E773 /* twitter2.png */ = {isa = PBXFileReference; lastKnownFileType = image.png; path = twitter2.png; sourceTree = "<group>"; };
		0353DF0411DF53630083E773 /* TwitterPostViewController.xib */ = {isa = PBXFileReference; lastKnownFileType = file.xib; path = TwitterPostViewController.xib; sourceTree = "<group>"; };
		0353DF0D11DF53800083E773 /* libxml2.dylib */ = {isa = PBXFileReference; lastKnownFileType = "compiled.mach-o.dylib"; name = libxml2.dylib; path = usr/lib/libxml2.dylib; sourceTree = SDKROOT; };
		0353DF0F11DF53860083E773 /* iAd.framework */ = {isa = PBXFileReference; lastKnownFileType = wrapper.framework; name = iAd.framework; path = System/Library/Frameworks/iAd.framework; sourceTree = SDKROOT; };
		0353DF2811DF539E0083E773 /* MediaPlayer.framework */ = {isa = PBXFileReference; lastKnownFileType = wrapper.framework; name = MediaPlayer.framework; path = System/Library/Frameworks/MediaPlayer.framework; sourceTree = SDKROOT; };
		0353DF2A11DF53A30083E773 /* SystemConfiguration.framework */ = {isa = PBXFileReference; lastKnownFileType = wrapper.framework; name = SystemConfiguration.framework; path = System/Library/Frameworks/SystemConfiguration.framework; sourceTree = SDKROOT; };
		1D30AB110D05D00D00671497 /* Foundation.framework */ = {isa = PBXFileReference; lastKnownFileType = wrapper.framework; name = Foundation.framework; path = System/Library/Frameworks/Foundation.framework; sourceTree = SDKROOT; };
		1D6058910D05DD3D006BFB54 /* TweetThatTune.app */ = {isa = PBXFileReference; explicitFileType = wrapper.application; includeInIndex = 0; path = TweetThatTune.app; sourceTree = BUILT_PRODUCTS_DIR; };
		1DF5F4DF0D08C38300B7A737 /* UIKit.framework */ = {isa = PBXFileReference; lastKnownFileType = wrapper.framework; name = UIKit.framework; path = System/Library/Frameworks/UIKit.framework; sourceTree = SDKROOT; };
		288765FC0DF74451002DB57D /* CoreGraphics.framework */ = {isa = PBXFileReference; lastKnownFileType = wrapper.framework; name = CoreGraphics.framework; path = System/Library/Frameworks/CoreGraphics.framework; sourceTree = SDKROOT; };
/* End PBXFileReference section */

/* Begin PBXFrameworksBuildPhase section */
		1D60588F0D05DD3D006BFB54 /* Frameworks */ = {
			isa = PBXFrameworksBuildPhase;
			buildActionMask = 2147483647;
			files = (
				1D60589F0D05DD5A006BFB54 /* Foundation.framework in Frameworks */,
				1DF5F4E00D08C38300B7A737 /* UIKit.framework in Frameworks */,
				288765FD0DF74451002DB57D /* CoreGraphics.framework in Frameworks */,
				0353DF0E11DF53800083E773 /* libxml2.dylib in Frameworks */,
				0353DF1011DF53860083E773 /* iAd.framework in Frameworks */,
				0353DF2911DF539E0083E773 /* MediaPlayer.framework in Frameworks */,
				0353DF2B11DF53A30083E773 /* SystemConfiguration.framework in Frameworks */,
			);
			runOnlyForDeploymentPostprocessing = 0;
		};
/* End PBXFrameworksBuildPhase section */

/* Begin PBXGroup section */
		0353DEA711DF535B0083E773 /* Classes */ = {
			isa = PBXGroup;
			children = (
				0353DEA811DF535B0083E773 /* AboutViewController.h */,
				0353DEA911DF535B0083E773 /* AboutViewController.m */,
				0353DEAA11DF535B0083E773 /* SettingsViewController.h */,
				0353DEAB11DF535B0083E773 /* SettingsViewController.m */,
				0353DEAC11DF535B0083E773 /* Twitter_TuneAppDelegate.h */,
				0353DEAD11DF535B0083E773 /* Twitter_TuneAppDelegate.m */,
				0353DEAE11DF535B0083E773 /* TwitterPostViewController.h */,
				0353DEAF11DF535B0083E773 /* TwitterPostViewController.m */,
			);
			path = Classes;
			sourceTree = "<group>";
		};
		0353DEB511DF535B0083E773 /* MGTwitterEngine */ = {
			isa = PBXGroup;
			children = (
				0353DEB611DF535B0083E773 /* MGTwitterEngine.h */,
				0353DEB711DF535B0083E773 /* MGTwitterEngine.m */,
				0353DEB811DF535B0083E773 /* MGTwitterEngine_Prefix.pch */,
				0353DEB911DF535B0083E773 /* MGTwitterEngineDelegate.h */,
				0353DEBA11DF535B0083E773 /* MGTwitterEngineGlobalHeader.h */,
				0353DEBB11DF535B0083E773 /* MGTwitterHTTPURLConnection.h */,
				0353DEBC11DF535B0083E773 /* MGTwitterHTTPURLConnection.m */,
				0353DEBD11DF535B0083E773 /* MGTwitterLibXMLParser.h */,
				0353DEBE11DF535B0083E773 /* MGTwitterLibXMLParser.m */,
				0353DEBF11DF535B0083E773 /* MGTwitterMessagesLibXMLParser.h */,
				0353DEC011DF535B0083E773 /* MGTwitterMessagesLibXMLParser.m */,
				0353DEC111DF535B0083E773 /* MGTwitterMessagesParser.h */,
				0353DEC211DF535B0083E773 /* MGTwitterMessagesParser.m */,
				0353DEC311DF535B0083E773 /* MGTwitterMiscLibXMLParser.h */,
				0353DEC411DF535B0083E773 /* MGTwitterMiscLibXMLParser.m */,
				0353DEC511DF535B0083E773 /* MGTwitterMiscParser.h */,
				0353DEC611DF535B0083E773 /* MGTwitterMiscParser.m */,
				0353DEC711DF535B0083E773 /* MGTwitterParserDelegate.h */,
				0353DEC811DF535B0083E773 /* MGTwitterRequestTypes.h */,
				0353DEC911DF535B0083E773 /* MGTwitterStatusesLibXMLParser.h */,
				0353DECA11DF535B0083E773 /* MGTwitterStatusesLibXMLParser.m */,
				0353DECB11DF535B0083E773 /* MGTwitterStatusesParser.h */,
				0353DECC11DF535B0083E773 /* MGTwitterStatusesParser.m */,
				0353DECD11DF535B0083E773 /* MGTwitterUsersLibXMLParser.h */,
				0353DECE11DF535B0083E773 /* MGTwitterUsersLibXMLParser.m */,
				0353DECF11DF535B0083E773 /* MGTwitterUsersParser.h */,
				0353DED011DF535B0083E773 /* MGTwitterUsersParser.m */,
				0353DED111DF535B0083E773 /* MGTwitterXMLParser.h */,
				0353DED211DF535B0083E773 /* MGTwitterXMLParser.m */,
				0353DED311DF535B0083E773 /* NSData+Base64.h */,
				0353DED411DF535B0083E773 /* NSData+Base64.m */,
				0353DED511DF535B0083E773 /* NSString+UUID.h */,
				0353DED611DF535B0083E773 /* NSString+UUID.m */,
			);
			path = MGTwitterEngine;
			sourceTree = "<group>";
		};
		19C28FACFE9D520D11CA2CBB /* Products */ = {
			isa = PBXGroup;
			children = (
				1D6058910D05DD3D006BFB54 /* TweetThatTune.app */,
			);
			name = Products;
			sourceTree = "<group>";
		};
		29B97314FDCFA39411CA2CEA /* CustomTemplate */ = {
			isa = PBXGroup;
			children = (
				0353DF0211DF53630083E773 /* twitter.png */,
				0353DF0311DF53630083E773 /* twitter2.png */,
				0353DF0411DF53630083E773 /* TwitterPostViewController.xib */,
				0353DEA311DF535B0083E773 /* about.png */,
				0353DEA411DF535B0083E773 /* AboutViewController.xib */,
				0353DEA511DF535B0083E773 /* app_icon_128.png */,
				0353DEA611DF535B0083E773 /* backdrop.png */,
				0353DEA711DF535B0083E773 /* Classes */,
				0353DEB011DF535B0083E773 /* Default.png */,
				0353DEB111DF535B0083E773 /* error.png */,
				0353DEB211DF535B0083E773 /* icon.png */,
				0353DEB311DF535B0083E773 /* main.m */,
				0353DEB411DF535B0083E773 /* MainWindow.xib */,
				0353DEB511DF535B0083E773 /* MGTwitterEngine */,
				0353DED711DF535B0083E773 /* noart.png */,
				0353DED811DF535B0083E773 /* ok.png */,
				0353DED911DF535B0083E773 /* Reachability.h */,
				0353DEDA11DF535B0083E773 /* Reachability.m */,
				0353DEDB11DF535B0083E773 /* README */,
				0353DEDC11DF535B0083E773 /* settings.png */,
				0353DEDD11DF535B0083E773 /* SettingsViewController.xib */,
				0353DEDE11DF535B0083E773 /* TweetThatTune_Prefix.pch */,
				0353DEDF11DF535B0083E773 /* TweetThatTune-Info.plist */,
				29B97323FDCFA39411CA2CEA /* Frameworks */,
				19C28FACFE9D520D11CA2CBB /* Products */,
			);
			name = CustomTemplate;
			sourceTree = "<group>";
		};
		29B97323FDCFA39411CA2CEA /* Frameworks */ = {
			isa = PBXGroup;
			children = (
				0353DF2A11DF53A30083E773 /* SystemConfiguration.framework */,
				0353DF2811DF539E0083E773 /* MediaPlayer.framework */,
				1DF5F4DF0D08C38300B7A737 /* UIKit.framework */,
				1D30AB110D05D00D00671497 /* Foundation.framework */,
				288765FC0DF74451002DB57D /* CoreGraphics.framework */,
				0353DF0D11DF53800083E773 /* libxml2.dylib */,
				0353DF0F11DF53860083E773 /* iAd.framework */,
			);
			name = Frameworks;
			sourceTree = "<group>";
		};
/* End PBXGroup section */

/* Begin PBXNativeTarget section */
		1D6058900D05DD3D006BFB54 /* TweetThatTune */ = {
			isa = PBXNativeTarget;
			buildConfigurationList = 1D6058960D05DD3E006BFB54 /* Build configuration list for PBXNativeTarget "TweetThatTune" */;
			buildPhases = (
				1D60588D0D05DD3D006BFB54 /* Resources */,
				1D60588E0D05DD3D006BFB54 /* Sources */,
				1D60588F0D05DD3D006BFB54 /* Frameworks */,
			);
			buildRules = (
			);
			dependencies = (
			);
			name = TweetThatTune;
			productName = TweetThatTune;
			productReference = 1D6058910D05DD3D006BFB54 /* TweetThatTune.app */;
			productType = "com.apple.product-type.application";
		};
/* End PBXNativeTarget section */

/* Begin PBXProject section */
		29B97313FDCFA39411CA2CEA /* Project object */ = {
			isa = PBXProject;
			buildConfigurationList = C01FCF4E08A954540054247B /* Build configuration list for PBXProject "TweetThatTune" */;
			compatibilityVersion = "Xcode 3.1";
			hasScannedForEncodings = 1;
			mainGroup = 29B97314FDCFA39411CA2CEA /* CustomTemplate */;
			projectDirPath = "";
			projectRoot = "";
			targets = (
				1D6058900D05DD3D006BFB54 /* TweetThatTune */,
			);
		};
/* End PBXProject section */

/* Begin PBXResourcesBuildPhase section */
		1D60588D0D05DD3D006BFB54 /* Resources */ = {
			isa = PBXResourcesBuildPhase;
			buildActionMask = 2147483647;
			files = (
				0353DEE011DF535B0083E773 /* about.png in Resources */,
				0353DEE111DF535B0083E773 /* AboutViewController.xib in Resources */,
				0353DEE211DF535B0083E773 /* app_icon_128.png in Resources */,
				0353DEE311DF535B0083E773 /* backdrop.png in Resources */,
				0353DEE811DF535B0083E773 /* Default.png in Resources */,
				0353DEE911DF535B0083E773 /* error.png in Resources */,
				0353DEEA11DF535B0083E773 /* icon.png in Resources */,
				0353DEEC11DF535B0083E773 /* MainWindow.xib in Resources */,
				0353DEFB11DF535B0083E773 /* noart.png in Resources */,
				0353DEFC11DF535B0083E773 /* ok.png in Resources */,
				0353DEFE11DF535B0083E773 /* README in Resources */,
				0353DEFF11DF535B0083E773 /* settings.png in Resources */,
				0353DF0011DF535B0083E773 /* SettingsViewController.xib in Resources */,
				0353DF0111DF535B0083E773 /* TweetThatTune-Info.plist in Resources */,
				0353DF0511DF53630083E773 /* twitter.png in Resources */,
				0353DF0611DF53630083E773 /* twitter2.png in Resources */,
				0353DF0711DF53630083E773 /* TwitterPostViewController.xib in Resources */,
			);
			runOnlyForDeploymentPostprocessing = 0;
		};
/* End PBXResourcesBuildPhase section */

/* Begin PBXSourcesBuildPhase section */
		1D60588E0D05DD3D006BFB54 /* Sources */ = {
			isa = PBXSourcesBuildPhase;
			buildActionMask = 2147483647;
			files = (
				0353DEE411DF535B0083E773 /* AboutViewController.m in Sources */,
				0353DEE511DF535B0083E773 /* SettingsViewController.m in Sources */,
				0353DEE611DF535B0083E773 /* Twitter_TuneAppDelegate.m in Sources */,
				0353DEE711DF535B0083E773 /* TwitterPostViewController.m in Sources */,
				0353DEEB11DF535B0083E773 /* main.m in Sources */,
				0353DEED11DF535B0083E773 /* MGTwitterEngine.m in Sources */,
				0353DEEE11DF535B0083E773 /* MGTwitterHTTPURLConnection.m in Sources */,
				0353DEEF11DF535B0083E773 /* MGTwitterLibXMLParser.m in Sources */,
				0353DEF011DF535B0083E773 /* MGTwitterMessagesLibXMLParser.m in Sources */,
				0353DEF111DF535B0083E773 /* MGTwitterMessagesParser.m in Sources */,
				0353DEF211DF535B0083E773 /* MGTwitterMiscLibXMLParser.m in Sources */,
				0353DEF311DF535B0083E773 /* MGTwitterMiscParser.m in Sources */,
				0353DEF411DF535B0083E773 /* MGTwitterStatusesLibXMLParser.m in Sources */,
				0353DEF511DF535B0083E773 /* MGTwitterStatusesParser.m in Sources */,
				0353DEF611DF535B0083E773 /* MGTwitterUsersLibXMLParser.m in Sources */,
				0353DEF711DF535B0083E773 /* MGTwitterUsersParser.m in Sources */,
				0353DEF811DF535B0083E773 /* MGTwitterXMLParser.m in Sources */,
				0353DEF911DF535B0083E773 /* NSData+Base64.m in Sources */,
				0353DEFA11DF535B0083E773 /* NSString+UUID.m in Sources */,
				0353DEFD11DF535B0083E773 /* Reachability.m in Sources */,
			);
			runOnlyForDeploymentPostprocessing = 0;
		};
/* End PBXSourcesBuildPhase section */

/* Begin XCBuildConfiguration section */
		0353DF8811DF541E0083E773 /* Distribution */ = {
			isa = XCBuildConfiguration;
			buildSettings = {
				ARCHS = "$(ARCHS_STANDARD_32_BIT)";
				"CODE_SIGN_IDENTITY[sdk=iphoneos*]" = "iPhone Distribution: Jaroslaw Szpilewski";
				GCC_C_LANGUAGE_STANDARD = c99;
				GCC_THUMB_SUPPORT = NO;
				GCC_WARN_ABOUT_RETURN_TYPE = YES;
				GCC_WARN_UNUSED_VARIABLE = YES;
				HEADER_SEARCH_PATHS = /usr/include/libxml2/;
				OTHER_CFLAGS = "-DNS_BLOCK_ASSERTIONS=1";
				PREBINDING = NO;
				"PROVISIONING_PROFILE[sdk=iphoneos*]" = "6B617F02-1379-41DA-8DD9-0157A87C2C1C";
				SDKROOT = iphoneos4.0;
			};
			name = Distribution;
		};
		0353DF8911DF541E0083E773 /* Distribution */ = {
			isa = XCBuildConfiguration;
			buildSettings = {
				ALWAYS_SEARCH_USER_PATHS = NO;
				COPY_PHASE_STRIP = YES;
				GCC_PRECOMPILE_PREFIX_HEADER = YES;
				GCC_PREFIX_HEADER = TweetThatTune_Prefix.pch;
				INFOPLIST_FILE = "TweetThatTune-Info.plist";
				PRODUCT_NAME = TweetThatTune;
				VALIDATE_PRODUCT = YES;
			};
			name = Distribution;
		};
		1D6058940D05DD3E006BFB54 /* Debug */ = {
			isa = XCBuildConfiguration;
			buildSettings = {
				ALWAYS_SEARCH_USER_PATHS = NO;
				COPY_PHASE_STRIP = NO;
				GCC_DYNAMIC_NO_PIC = NO;
				GCC_OPTIMIZATION_LEVEL = 0;
				GCC_PRECOMPILE_PREFIX_HEADER = YES;
				GCC_PREFIX_HEADER = TweetThatTune_Prefix.pch;
				INFOPLIST_FILE = "TweetThatTune-Info.plist";
				PRODUCT_NAME = TweetThatTune;
			};
			name = Debug;
		};
		1D6058950D05DD3E006BFB54 /* Release */ = {
			isa = XCBuildConfiguration;
			buildSettings = {
				ALWAYS_SEARCH_USER_PATHS = NO;
				COPY_PHASE_STRIP = YES;
				GCC_PRECOMPILE_PREFIX_HEADER = YES;
				GCC_PREFIX_HEADER = TweetThatTune_Prefix.pch;
				INFOPLIST_FILE = "TweetThatTune-Info.plist";
				PRODUCT_NAME = TweetThatTune;
				VALIDATE_PRODUCT = YES;
			};
			name = Release;
		};
		C01FCF4F08A954540054247B /* Debug */ = {
			isa = XCBuildConfiguration;
			buildSettings = {
				ARCHS = "$(ARCHS_STANDARD_32_BIT)";
				"CODE_SIGN_IDENTITY[sdk=iphoneos*]" = "iPhone Developer";
				GCC_C_LANGUAGE_STANDARD = c99;
				GCC_THUMB_SUPPORT = NO;
				GCC_WARN_ABOUT_RETURN_TYPE = YES;
				GCC_WARN_UNUSED_VARIABLE = YES;
				HEADER_SEARCH_PATHS = /usr/include/libxml2/;
				PREBINDING = NO;
				SDKROOT = iphoneos4.0;
			};
			name = Debug;
		};
		C01FCF5008A954540054247B /* Release */ = {
			isa = XCBuildConfiguration;
			buildSettings = {
				ARCHS = "$(ARCHS_STANDARD_32_BIT)";
				"CODE_SIGN_IDENTITY[sdk=iphoneos*]" = "iPhone Developer";
				GCC_C_LANGUAGE_STANDARD = c99;
				GCC_THUMB_SUPPORT = NO;
				GCC_WARN_ABOUT_RETURN_TYPE = YES;
				GCC_WARN_UNUSED_VARIABLE = YES;
				HEADER_SEARCH_PATHS = /usr/include/libxml2/;
				OTHER_CFLAGS = "-DNS_BLOCK_ASSERTIONS=1";
				PREBINDING = NO;
				SDKROOT = iphoneos4.0;
			};
			name = Release;
		};
/* End XCBuildConfiguration section */

/* Begin XCConfigurationList section */
		1D6058960D05DD3E006BFB54 /* Build configuration list for PBXNativeTarget "TweetThatTune" */ = {
			isa = XCConfigurationList;
			buildConfigurations = (
				1D6058940D05DD3E006BFB54 /* Debug */,
				1D6058950D05DD3E006BFB54 /* Release */,
				0353DF8911DF541E0083E773 /* Distribution */,
			);
			defaultConfigurationIsVisible = 0;
			defaultConfigurationName = Release;
		};
		C01FCF4E08A954540054247B /* Build configuration list for PBXProject "TweetThatTune" */ = {
			isa = XCConfigurationList;
			buildConfigurations = (
				C01FCF4F08A954540054247B /* Debug */,
				C01FCF5008A954540054247B /* Release */,
				0353DF8811DF541E0083E773 /* Distribution */,
			);
			defaultConfigurationIsVisible = 0;
			defaultConfigurationName = Release;
		};
/* End XCConfigurationList section */
	};
	rootObject = 29B97313FDCFA39411CA2CEA /* Project object */;
}
